Microsoft Visual Studio Solution File, Format Version 12.00
# Visual Studio Version 17
VisualStudioVersion = 17.1.32210.238
MinimumVisualStudioVersion = 16.0.0.0
Project("{9A19103F-16F7-4668-BE54-9A1E7A4F7556}") = "Dipterv.Server", "Server\Dipterv.Server.csproj", "{3E6DA815-5F72-4B21-AFE8-F674BC76E0F9}"
EndProject
Project("{9A19103F-16F7-4668-BE54-9A1E7A4F7556}") = "Dipterv.Client", "Client\Dipterv.Client.csproj", "{92EA3F6F-73D9-4BD6-8E94-A1995A61DC6B}"
EndProject
Project("{9A19103F-16F7-4668-BE54-9A1E7A4F7556}") = "Dipterv.Shared", "Shared\Dipterv.Shared.csproj", "{F4029C43-50AB-426C-B3DB-21A8C6E3AECA}"
EndProject
Global
	GlobalSection(SolutionConfigurationPlatforms) = preSolution
		Debug|Any CPU = Debug|Any CPU
		Debug|x64 = Debug|x64
		Debug|x86 = Debug|x86
		Release|Any CPU = Release|Any CPU
		Release|x64 = Release|x64
		Release|x86 = Release|x86
	EndGlobalSection
	GlobalSection(ProjectConfigurationPlatforms) = postSolution
		{3E6DA815-5F72-4B21-AFE8-F674BC76E0F9}.Debug|Any CPU.ActiveCfg = Debug|Any CPU
		{3E6DA815-5F72-4B21-AFE8-F674BC76E0F9}.Debug|Any CPU.Build.0 = Debug|Any CPU
		{3E6DA815-5F72-4B21-AFE8-F674BC76E0F9}.Debug|x64.ActiveCfg = Debug|Any CPU
		{3E6DA815-5F72-4B21-AFE8-F674BC76E0F9}.Debug|x64.Build.0 = Debug|Any CPU
		{3E6DA815-5F72-4B21-AFE8-F674BC76E0F9}.Debug|x86.ActiveCfg = Debug|Any CPU
		{3E6DA815-5F72-4B21-AFE8-F674BC76E0F9}.Debug|x86.Build.0 = Debug|Any CPU
		{3E6DA815-5F72-4B21-AFE8-F674BC76E0F9}.Release|Any CPU.ActiveCfg = Release|Any CPU
		{3E6DA815-5F72-4B21-AFE8-F674BC76E0F9}.Release|Any CPU.Build.0 = Release|Any CPU
		{3E6DA815-5F72-4B21-AFE8-F674BC76E0F9}.Release|x64.ActiveCfg = Release|Any CPU
		{3E6DA815-5F72-4B21-AFE8-F674BC76E0F9}.Release|x64.Build.0 = Release|Any CPU
		{3E6DA815-5F72-4B21-AFE8-F674BC76E0F9}.Release|x86.ActiveCfg = Release|Any CPU
		{3E6DA815-5F72-4B21-AFE8-F674BC76E0F9}.Release|x86.Build.0 = Release|Any CPU
		{92EA3F6F-73D9-4BD6-8E94-A1995A61DC6B}.Debug|Any CPU.ActiveCfg = Debug|Any CPU
		{92EA3F6F-73D9-4BD6-8E94-A1995A61DC6B}.Debug|Any CPU.Build.0 = Debug|Any CPU
		{92EA3F6F-73D9-4BD6-8E94-A1995A61DC6B}.Debug|x64.ActiveCfg = Debug|Any CPU
		{92EA3F6F-73D9-4BD6-8E94-A1995A61DC6B}.Debug|x64.Build.0 = Debug|Any CPU
		{92EA3F6F-73D9-4BD6-8E94-A1995A61DC6B}.Debug|x86.ActiveCfg = Debug|Any CPU
		{92EA3F6F-73D9-4BD6-8E94-A1995A61DC6B}.Debug|x86.Build.0 = Debug|Any CPU
		{92EA3F6F-73D9-4BD6-8E94-A1995A61DC6B}.Release|Any CPU.ActiveCfg = Release|Any CPU
		{92EA3F6F-73D9-4BD6-8E94-A1995A61DC6B}.Release|Any CPU.Build.0 = Release|Any CPU
		{92EA3F6F-73D9-4BD6-8E94-A1995A61DC6B}.Release|x64.ActiveCfg = Release|Any CPU
		{92EA3F6F-73D9-4BD6-8E94-A1995A61DC6B}.Release|x64.Build.0 = Release|Any CPU
		{92EA3F6F-73D9-4BD6-8E94-A1995A61DC6B}.Release|x86.ActiveCfg = Release|Any CPU
		{92EA3F6F-73D9-4BD6-8E94-A1995A61DC6B}.Release|x86.Build.0 = Release|Any CPU
		{F4029C43-50AB-426C-B3DB-21A8C6E3AECA}.Debug|Any CPU.ActiveCfg = Debug|Any CPU
		{F4029C43-50AB-426C-B3DB-21A8C6E3AECA}.Debug|Any CPU.Build.0 = Debug|Any CPU
		{F4029C43-50AB-426C-B3DB-21A8C6E3AECA}.Debug|x64.ActiveCfg = Debug|Any CPU
		{F4029C43-50AB-426C-B3DB-21A8C6E3AECA}.Debug|x64.Build.0 = Debug|Any CPU
		{F4029C43-50AB-426C-B3DB-21A8C6E3AECA}.Debug|x86.ActiveCfg = Debug|Any CPU
		{F4029C43-50AB-426C-B3DB-21A8C6E3AECA}.Debug|x86.Build.0 = Debug|Any CPU
		{F4029C43-50AB-426C-B3DB-21A8C6E3AECA}.Release|Any CPU.ActiveCfg = Release|Any CPU
		{F4029C43-50AB-426C-B3DB-21A8C6E3AECA}.Release|Any CPU.Build.0 = Release|Any CPU
		{F4029C43-50AB-426C-B3DB-21A8C6E3AECA}.Release|x64.ActiveCfg = Release|Any CPU
		{F4029C43-50AB-426C-B3DB-21A8C6E3AECA}.Release|x64.Build.0 = Release|Any CPU
		{F4029C43-50AB-426C-B3DB-21A8C6E3AECA}.Release|x86.ActiveCfg = Release|Any CPU
		{F4029C43-50AB-426C-B3DB-21A8C6E3AECA}.Release|x86.Build.0 = Release|Any CPU
	EndGlobalSection
	GlobalSection(SolutionProperties) = preSolution
		HideSolutionNode = FALSE
	EndGlobalSection
	GlobalSection(ExtensibilityGlobals) = postSolution
		SolutionGuid = {CA72D88C-9B7A-4C9A-BA5C-F81C1975702D}
	EndGlobalSection
EndGlobal
