Microsoft Visual Studio Solution File, Format Version 12.00
# Visual Studio Version 17
VisualStudioVersion = 17.1.32210.238
MinimumVisualStudioVersion = 16.0.0.0
Project("{9A19103F-16F7-4668-BE54-9A1E7A4F7556}") = "Dipterv.Server", "Server\Dipterv.Server.csproj", "{3E6DA815-5F72-4B21-AFE8-F674BC76E0F9}"
EndProject
Project("{9A19103F-16F7-4668-BE54-9A1E7A4F7556}") = "Dipterv.Client", "Client\Dipterv.Client.csproj", "{92EA3F6F-73D9-4BD6-8E94-A1995A61DC6B}"
EndProject
Project("{9A19103F-16F7-4668-BE54-9A1E7A4F7556}") = "Dipterv.Shared", "Shared\Dipterv.Shared.csproj", "{F4029C43-50AB-426C-B3DB-21A8C6E3AECA}"
EndProject
Project("{9A19103F-16F7-4668-BE54-9A1E7A4F7556}") = "Dipterv.Dal", "Dipterv.Dal\Dipterv.Dal.csproj", "{A64D6D3C-38BB-4283-8F7A-4250FB14B0BB}"
EndProject
Project("{9A19103F-16F7-4668-BE54-9A1E7A4F7556}") = "Dipterv.Bll", "Dipterv.Bll\Dipterv.Bll.csproj", "{7401EAD7-569B-4AE1-BD39-180B12EB19B1}"
EndProject
Project("{E53339B2-1760-4266-BCC7-CA923CBCF16C}") = "docker-compose", "docker-compose.dcproj", "{30952BCD-8B90-4B5D-954A-9E2643F9A5A2}"
EndProject
Project("{9A19103F-16F7-4668-BE54-9A1E7A4F7556}") = "Host", "Host\Host.csproj", "{0A563E8D-4DD6-4736-81BF-DCF6B31EA8CE}"
EndProject
Project("{9A19103F-16F7-4668-BE54-9A1E7A4F7556}") = "UI", "UI\UI.csproj", "{209D7C79-2C6A-4C03-9E22-49FE9105AF21}"
EndProject
Global
	GlobalSection(SolutionConfigurationPlatforms) = preSolution
		Debug|Any CPU = Debug|Any CPU
		Debug|x64 = Debug|x64
		Debug|x86 = Debug|x86
		Release|Any CPU = Release|Any CPU
		Release|x64 = Release|x64
		Release|x86 = Release|x86
	EndGlobalSection
	GlobalSection(ProjectConfigurationPlatforms) = postSolution
		{3E6DA815-5F72-4B21-AFE8-F674BC76E0F9}.Debug|Any CPU.ActiveCfg = Debug|Any CPU
		{3E6DA815-5F72-4B21-AFE8-F674BC76E0F9}.Debug|Any CPU.Build.0 = Debug|Any CPU
		{3E6DA815-5F72-4B21-AFE8-F674BC76E0F9}.Debug|x64.ActiveCfg = Debug|Any CPU
		{3E6DA815-5F72-4B21-AFE8-F674BC76E0F9}.Debug|x64.Build.0 = Debug|Any CPU
		{3E6DA815-5F72-4B21-AFE8-F674BC76E0F9}.Debug|x86.ActiveCfg = Debug|Any CPU
		{3E6DA815-5F72-4B21-AFE8-F674BC76E0F9}.Debug|x86.Build.0 = Debug|Any CPU
		{3E6DA815-5F72-4B21-AFE8-F674BC76E0F9}.Release|Any CPU.ActiveCfg = Release|Any CPU
		{3E6DA815-5F72-4B21-AFE8-F674BC76E0F9}.Release|Any CPU.Build.0 = Release|Any CPU
		{3E6DA815-5F72-4B21-AFE8-F674BC76E0F9}.Release|x64.ActiveCfg = Release|Any CPU
		{3E6DA815-5F72-4B21-AFE8-F674BC76E0F9}.Release|x64.Build.0 = Release|Any CPU
		{3E6DA815-5F72-4B21-AFE8-F674BC76E0F9}.Release|x86.ActiveCfg = Release|Any CPU
		{3E6DA815-5F72-4B21-AFE8-F674BC76E0F9}.Release|x86.Build.0 = Release|Any CPU
		{92EA3F6F-73D9-4BD6-8E94-A1995A61DC6B}.Debug|Any CPU.ActiveCfg = Debug|Any CPU
		{92EA3F6F-73D9-4BD6-8E94-A1995A61DC6B}.Debug|Any CPU.Build.0 = Debug|Any CPU
		{92EA3F6F-73D9-4BD6-8E94-A1995A61DC6B}.Debug|x64.ActiveCfg = Debug|Any CPU
		{92EA3F6F-73D9-4BD6-8E94-A1995A61DC6B}.Debug|x64.Build.0 = Debug|Any CPU
		{92EA3F6F-73D9-4BD6-8E94-A1995A61DC6B}.Debug|x86.ActiveCfg = Debug|Any CPU
		{92EA3F6F-73D9-4BD6-8E94-A1995A61DC6B}.Debug|x86.Build.0 = Debug|Any CPU
		{92EA3F6F-73D9-4BD6-8E94-A1995A61DC6B}.Release|Any CPU.ActiveCfg = Release|Any CPU
		{92EA3F6F-73D9-4BD6-8E94-A1995A61DC6B}.Release|Any CPU.Build.0 = Release|Any CPU
		{92EA3F6F-73D9-4BD6-8E94-A1995A61DC6B}.Release|x64.ActiveCfg = Release|Any CPU
		{92EA3F6F-73D9-4BD6-8E94-A1995A61DC6B}.Release|x64.Build.0 = Release|Any CPU
		{92EA3F6F-73D9-4BD6-8E94-A1995A61DC6B}.Release|x86.ActiveCfg = Release|Any CPU
		{92EA3F6F-73D9-4BD6-8E94-A1995A61DC6B}.Release|x86.Build.0 = Release|Any CPU
		{F4029C43-50AB-426C-B3DB-21A8C6E3AECA}.Debug|Any CPU.ActiveCfg = Debug|Any CPU
		{F4029C43-50AB-426C-B3DB-21A8C6E3AECA}.Debug|Any CPU.Build.0 = Debug|Any CPU
		{F4029C43-50AB-426C-B3DB-21A8C6E3AECA}.Debug|x64.ActiveCfg = Debug|Any CPU
		{F4029C43-50AB-426C-B3DB-21A8C6E3AECA}.Debug|x64.Build.0 = Debug|Any CPU
		{F4029C43-50AB-426C-B3DB-21A8C6E3AECA}.Debug|x86.ActiveCfg = Debug|Any CPU
		{F4029C43-50AB-426C-B3DB-21A8C6E3AECA}.Debug|x86.Build.0 = Debug|Any CPU
		{F4029C43-50AB-426C-B3DB-21A8C6E3AECA}.Release|Any CPU.ActiveCfg = Release|Any CPU
		{F4029C43-50AB-426C-B3DB-21A8C6E3AECA}.Release|Any CPU.Build.0 = Release|Any CPU
		{F4029C43-50AB-426C-B3DB-21A8C6E3AECA}.Release|x64.ActiveCfg = Release|Any CPU
		{F4029C43-50AB-426C-B3DB-21A8C6E3AECA}.Release|x64.Build.0 = Release|Any CPU
		{F4029C43-50AB-426C-B3DB-21A8C6E3AECA}.Release|x86.ActiveCfg = Release|Any CPU
		{F4029C43-50AB-426C-B3DB-21A8C6E3AECA}.Release|x86.Build.0 = Release|Any CPU
		{A64D6D3C-38BB-4283-8F7A-4250FB14B0BB}.Debug|Any CPU.ActiveCfg = Debug|Any CPU
		{A64D6D3C-38BB-4283-8F7A-4250FB14B0BB}.Debug|Any CPU.Build.0 = Debug|Any CPU
		{A64D6D3C-38BB-4283-8F7A-4250FB14B0BB}.Debug|x64.ActiveCfg = Debug|Any CPU
		{A64D6D3C-38BB-4283-8F7A-4250FB14B0BB}.Debug|x64.Build.0 = Debug|Any CPU
		{A64D6D3C-38BB-4283-8F7A-4250FB14B0BB}.Debug|x86.ActiveCfg = Debug|Any CPU
		{A64D6D3C-38BB-4283-8F7A-4250FB14B0BB}.Debug|x86.Build.0 = Debug|Any CPU
		{A64D6D3C-38BB-4283-8F7A-4250FB14B0BB}.Release|Any CPU.ActiveCfg = Release|Any CPU
		{A64D6D3C-38BB-4283-8F7A-4250FB14B0BB}.Release|Any CPU.Build.0 = Release|Any CPU
		{A64D6D3C-38BB-4283-8F7A-4250FB14B0BB}.Release|x64.ActiveCfg = Release|Any CPU
		{A64D6D3C-38BB-4283-8F7A-4250FB14B0BB}.Release|x64.Build.0 = Release|Any CPU
		{A64D6D3C-38BB-4283-8F7A-4250FB14B0BB}.Release|x86.ActiveCfg = Release|Any CPU
		{A64D6D3C-38BB-4283-8F7A-4250FB14B0BB}.Release|x86.Build.0 = Release|Any CPU
		{7401EAD7-569B-4AE1-BD39-180B12EB19B1}.Debug|Any CPU.ActiveCfg = Debug|Any CPU
		{7401EAD7-569B-4AE1-BD39-180B12EB19B1}.Debug|Any CPU.Build.0 = Debug|Any CPU
		{7401EAD7-569B-4AE1-BD39-180B12EB19B1}.Debug|x64.ActiveCfg = Debug|Any CPU
		{7401EAD7-569B-4AE1-BD39-180B12EB19B1}.Debug|x64.Build.0 = Debug|Any CPU
		{7401EAD7-569B-4AE1-BD39-180B12EB19B1}.Debug|x86.ActiveCfg = Debug|Any CPU
		{7401EAD7-569B-4AE1-BD39-180B12EB19B1}.Debug|x86.Build.0 = Debug|Any CPU
		{7401EAD7-569B-4AE1-BD39-180B12EB19B1}.Release|Any CPU.ActiveCfg = Release|Any CPU
		{7401EAD7-569B-4AE1-BD39-180B12EB19B1}.Release|Any CPU.Build.0 = Release|Any CPU
		{7401EAD7-569B-4AE1-BD39-180B12EB19B1}.Release|x64.ActiveCfg = Release|Any CPU
		{7401EAD7-569B-4AE1-BD39-180B12EB19B1}.Release|x64.Build.0 = Release|Any CPU
		{7401EAD7-569B-4AE1-BD39-180B12EB19B1}.Release|x86.ActiveCfg = Release|Any CPU
		{7401EAD7-569B-4AE1-BD39-180B12EB19B1}.Release|x86.Build.0 = Release|Any CPU
		{30952BCD-8B90-4B5D-954A-9E2643F9A5A2}.Debug|Any CPU.ActiveCfg = Debug|Any CPU
		{30952BCD-8B90-4B5D-954A-9E2643F9A5A2}.Debug|Any CPU.Build.0 = Debug|Any CPU
		{30952BCD-8B90-4B5D-954A-9E2643F9A5A2}.Debug|x64.ActiveCfg = Debug|Any CPU
		{30952BCD-8B90-4B5D-954A-9E2643F9A5A2}.Debug|x64.Build.0 = Debug|Any CPU
		{30952BCD-8B90-4B5D-954A-9E2643F9A5A2}.Debug|x86.ActiveCfg = Debug|Any CPU
		{30952BCD-8B90-4B5D-954A-9E2643F9A5A2}.Debug|x86.Build.0 = Debug|Any CPU
		{30952BCD-8B90-4B5D-954A-9E2643F9A5A2}.Release|Any CPU.ActiveCfg = Release|Any CPU
		{30952BCD-8B90-4B5D-954A-9E2643F9A5A2}.Release|Any CPU.Build.0 = Release|Any CPU
		{30952BCD-8B90-4B5D-954A-9E2643F9A5A2}.Release|x64.ActiveCfg = Release|Any CPU
		{30952BCD-8B90-4B5D-954A-9E2643F9A5A2}.Release|x64.Build.0 = Release|Any CPU
		{30952BCD-8B90-4B5D-954A-9E2643F9A5A2}.Release|x86.ActiveCfg = Release|Any CPU
		{30952BCD-8B90-4B5D-954A-9E2643F9A5A2}.Release|x86.Build.0 = Release|Any CPU
		{0A563E8D-4DD6-4736-81BF-DCF6B31EA8CE}.Debug|Any CPU.ActiveCfg = Debug|Any CPU
		{0A563E8D-4DD6-4736-81BF-DCF6B31EA8CE}.Debug|Any CPU.Build.0 = Debug|Any CPU
		{0A563E8D-4DD6-4736-81BF-DCF6B31EA8CE}.Debug|x64.ActiveCfg = Debug|Any CPU
		{0A563E8D-4DD6-4736-81BF-DCF6B31EA8CE}.Debug|x64.Build.0 = Debug|Any CPU
		{0A563E8D-4DD6-4736-81BF-DCF6B31EA8CE}.Debug|x86.ActiveCfg = Debug|Any CPU
		{0A563E8D-4DD6-4736-81BF-DCF6B31EA8CE}.Debug|x86.Build.0 = Debug|Any CPU
		{0A563E8D-4DD6-4736-81BF-DCF6B31EA8CE}.Release|Any CPU.ActiveCfg = Release|Any CPU
		{0A563E8D-4DD6-4736-81BF-DCF6B31EA8CE}.Release|Any CPU.Build.0 = Release|Any CPU
		{0A563E8D-4DD6-4736-81BF-DCF6B31EA8CE}.Release|x64.ActiveCfg = Release|Any CPU
		{0A563E8D-4DD6-4736-81BF-DCF6B31EA8CE}.Release|x64.Build.0 = Release|Any CPU
		{0A563E8D-4DD6-4736-81BF-DCF6B31EA8CE}.Release|x86.ActiveCfg = Release|Any CPU
		{0A563E8D-4DD6-4736-81BF-DCF6B31EA8CE}.Release|x86.Build.0 = Release|Any CPU
		{209D7C79-2C6A-4C03-9E22-49FE9105AF21}.Debug|Any CPU.ActiveCfg = Debug|Any CPU
		{209D7C79-2C6A-4C03-9E22-49FE9105AF21}.Debug|Any CPU.Build.0 = Debug|Any CPU
		{209D7C79-2C6A-4C03-9E22-49FE9105AF21}.Debug|x64.ActiveCfg = Debug|Any CPU
		{209D7C79-2C6A-4C03-9E22-49FE9105AF21}.Debug|x64.Build.0 = Debug|Any CPU
		{209D7C79-2C6A-4C03-9E22-49FE9105AF21}.Debug|x86.ActiveCfg = Debug|Any CPU
		{209D7C79-2C6A-4C03-9E22-49FE9105AF21}.Debug|x86.Build.0 = Debug|Any CPU
		{209D7C79-2C6A-4C03-9E22-49FE9105AF21}.Release|Any CPU.ActiveCfg = Release|Any CPU
		{209D7C79-2C6A-4C03-9E22-49FE9105AF21}.Release|Any CPU.Build.0 = Release|Any CPU
		{209D7C79-2C6A-4C03-9E22-49FE9105AF21}.Release|x64.ActiveCfg = Release|Any CPU
		{209D7C79-2C6A-4C03-9E22-49FE9105AF21}.Release|x64.Build.0 = Release|Any CPU
		{209D7C79-2C6A-4C03-9E22-49FE9105AF21}.Release|x86.ActiveCfg = Release|Any CPU
		{209D7C79-2C6A-4C03-9E22-49FE9105AF21}.Release|x86.Build.0 = Release|Any CPU
	EndGlobalSection
	GlobalSection(SolutionProperties) = preSolution
		HideSolutionNode = FALSE
	EndGlobalSection
	GlobalSection(ExtensibilityGlobals) = postSolution
		SolutionGuid = {CA72D88C-9B7A-4C9A-BA5C-F81C1975702D}
	EndGlobalSection
EndGlobal
